
Microsoft Visual Studio Solution File, Format Version 12.00
# Visual Studio 15
VisualStudioVersion = 15.0.27004.2009
MinimumVisualStudioVersion = 10.0.40219.1
Project("{E24C65DC-7377-472B-9ABA-BC803B73C61A}") = "GameResults_Website(2)", "E:\koulu\muut\GameResults_Website\", "{2AC4F35F-1D9B-4375-902F-3B1059A40B38}"
	ProjectSection(WebsiteProperties) = preProject
		TargetFrameworkMoniker = ".NETFramework,Version%3Dv4.6.1"
		Debug.AspNetCompiler.VirtualPath = "/localhost_51113"
		Debug.AspNetCompiler.PhysicalPath = "E:\koulu\muut\GameResults_Website\"
		Debug.AspNetCompiler.TargetPath = "PrecompiledWeb\localhost_51113\"
		Debug.AspNetCompiler.Updateable = "true"
		Debug.AspNetCompiler.ForceOverwrite = "true"
		Debug.AspNetCompiler.FixedNames = "false"
		Debug.AspNetCompiler.Debug = "True"
		Release.AspNetCompiler.VirtualPath = "/localhost_51113"
		Release.AspNetCompiler.PhysicalPath = "E:\koulu\muut\GameResults_Website\"
		Release.AspNetCompiler.TargetPath = "PrecompiledWeb\localhost_51113\"
		Release.AspNetCompiler.Updateable = "true"
		Release.AspNetCompiler.ForceOverwrite = "true"
		Release.AspNetCompiler.FixedNames = "false"
		Release.AspNetCompiler.Debug = "False"
		VWDPort = "51113"
	EndProjectSection
EndProject
Global
	GlobalSection(SolutionConfigurationPlatforms) = preSolution
		Debug|Any CPU = Debug|Any CPU
	EndGlobalSection
	GlobalSection(ProjectConfigurationPlatforms) = postSolution
		{2AC4F35F-1D9B-4375-902F-3B1059A40B38}.Debug|Any CPU.ActiveCfg = Debug|Any CPU
		{2AC4F35F-1D9B-4375-902F-3B1059A40B38}.Debug|Any CPU.Build.0 = Debug|Any CPU
	EndGlobalSection
	GlobalSection(SolutionProperties) = preSolution
		HideSolutionNode = FALSE
	EndGlobalSection
	GlobalSection(ExtensibilityGlobals) = postSolution
		SolutionGuid = {F6AC947B-BD52-44F6-BA47-04D7DC411B9B}
	EndGlobalSection
EndGlobal
